
Microsoft Visual Studio Solution File, Format Version 12.00
# Visual Studio Version 17
VisualStudioVersion = 17.8.34330.188
MinimumVisualStudioVersion = 10.0.40219.1
Project("{FAE04EC0-301F-11D3-BF4B-00C04F79EFBC}") = "Recommender", "Recommender\Recommender.csproj", "{45C607DB-A664-48D3-A46B-4F37AEDE140A}"
EndProject
Global
	GlobalSection(SolutionConfigurationPlatforms) = preSolution
		Debug|Any CPU = Debug|Any CPU
		Release|Any CPU = Release|Any CPU
	EndGlobalSection
	GlobalSection(ProjectConfigurationPlatforms) = postSolution
		{45C607DB-A664-48D3-A46B-4F37AEDE140A}.Debug|Any CPU.ActiveCfg = Debug|Any CPU
		{45C607DB-A664-48D3-A46B-4F37AEDE140A}.Debug|Any CPU.Build.0 = Debug|Any CPU
		{45C607DB-A664-48D3-A46B-4F37AEDE140A}.Release|Any CPU.ActiveCfg = Release|Any CPU
		{45C607DB-A664-48D3-A46B-4F37AEDE140A}.Release|Any CPU.Build.0 = Release|Any CPU
	EndGlobalSection
	GlobalSection(SolutionProperties) = preSolution
		HideSolutionNode = FALSE
	EndGlobalSection
	GlobalSection(ExtensibilityGlobals) = postSolution
		SolutionGuid = {2E6293EC-5D0B-4AE6-A4C4-32157BB8B8C4}
	EndGlobalSection
EndGlobal
